
Microsoft Visual Studio Solution File, Format Version 12.00
# Visual Studio 15
VisualStudioVersion = 15.0.28010.2019
MinimumVisualStudioVersion = 10.0.40219.1
Project("{FAE04EC0-301F-11D3-BF4B-00C04F79EFBC}") = "FormsLib", "FormsLib\FormsLib.csproj", "{19079598-FAB4-4C33-977F-7163920D70A2}"
EndProject
Project("{FAE04EC0-301F-11D3-BF4B-00C04F79EFBC}") = "ClassLib", "ClassLib\ClassLib.csproj", "{AA333015-A884-49F8-B602-86CA325E12A1}"
EndProject
Global
	GlobalSection(SolutionConfigurationPlatforms) = preSolution
		Debug|Any CPU = Debug|Any CPU
		Release|Any CPU = Release|Any CPU
	EndGlobalSection
	GlobalSection(ProjectConfigurationPlatforms) = postSolution
		{19079598-FAB4-4C33-977F-7163920D70A2}.Debug|Any CPU.ActiveCfg = Debug|Any CPU
		{19079598-FAB4-4C33-977F-7163920D70A2}.Debug|Any CPU.Build.0 = Debug|Any CPU
		{19079598-FAB4-4C33-977F-7163920D70A2}.Release|Any CPU.ActiveCfg = Release|Any CPU
		{19079598-FAB4-4C33-977F-7163920D70A2}.Release|Any CPU.Build.0 = Release|Any CPU
		{AA333015-A884-49F8-B602-86CA325E12A1}.Debug|Any CPU.ActiveCfg = Debug|Any CPU
		{AA333015-A884-49F8-B602-86CA325E12A1}.Debug|Any CPU.Build.0 = Debug|Any CPU
		{AA333015-A884-49F8-B602-86CA325E12A1}.Release|Any CPU.ActiveCfg = Release|Any CPU
		{AA333015-A884-49F8-B602-86CA325E12A1}.Release|Any CPU.Build.0 = Release|Any CPU
	EndGlobalSection
	GlobalSection(SolutionProperties) = preSolution
		HideSolutionNode = FALSE
	EndGlobalSection
	GlobalSection(ExtensibilityGlobals) = postSolution
		SolutionGuid = {49124FE2-CC50-4814-9E1F-9C66921070EA}
	EndGlobalSection
EndGlobal
